
Microsoft Visual Studio Solution File, Format Version 12.00
# Visual Studio Version 17
VisualStudioVersion = 17.2.32516.85
MinimumVisualStudioVersion = 10.0.40219.1
Project("{9A19103F-16F7-4668-BE54-9A1E7A4F7556}") = "Proje1Api", "Proje1Api.csproj", "{E27D95C6-24ED-477C-A196-53E576CBB05A}"
EndProject
Project("{9A19103F-16F7-4668-BE54-9A1E7A4F7556}") = "Models", "..\Models\Proje1\Models\Models.csproj", "{F4615FDA-DF37-44EC-AEA1-FD76EF9AD1E9}"
EndProject
Global
	GlobalSection(SolutionConfigurationPlatforms) = preSolution
		Debug|Any CPU = Debug|Any CPU
		Release|Any CPU = Release|Any CPU
	EndGlobalSection
	GlobalSection(ProjectConfigurationPlatforms) = postSolution
		{E27D95C6-24ED-477C-A196-53E576CBB05A}.Debug|Any CPU.ActiveCfg = Debug|Any CPU
		{E27D95C6-24ED-477C-A196-53E576CBB05A}.Debug|Any CPU.Build.0 = Debug|Any CPU
		{E27D95C6-24ED-477C-A196-53E576CBB05A}.Release|Any CPU.ActiveCfg = Release|Any CPU
		{E27D95C6-24ED-477C-A196-53E576CBB05A}.Release|Any CPU.Build.0 = Release|Any CPU
		{F4615FDA-DF37-44EC-AEA1-FD76EF9AD1E9}.Debug|Any CPU.ActiveCfg = Debug|Any CPU
		{F4615FDA-DF37-44EC-AEA1-FD76EF9AD1E9}.Debug|Any CPU.Build.0 = Debug|Any CPU
		{F4615FDA-DF37-44EC-AEA1-FD76EF9AD1E9}.Release|Any CPU.ActiveCfg = Release|Any CPU
		{F4615FDA-DF37-44EC-AEA1-FD76EF9AD1E9}.Release|Any CPU.Build.0 = Release|Any CPU
	EndGlobalSection
	GlobalSection(SolutionProperties) = preSolution
		HideSolutionNode = FALSE
	EndGlobalSection
	GlobalSection(ExtensibilityGlobals) = postSolution
		SolutionGuid = {2DA15373-5F8C-4B30-A841-D8337C022A6A}
	EndGlobalSection
EndGlobal
